{
  "version": 4,
  "terraform_version": "1.5.7",
  "serial": 12,
  "lineage": "375e4903-7150-589f-0689-82beb5835b63",
  "outputs": {
    "cluster_name": {
      "value": "orders-cluster",
      "type": "string"
    },
    "load_balancer_ip": {
      "value": "34.31.163.168",
      "type": "string"
    }
  },
  "resources": [
    {
      "mode": "data",
      "type": "google_client_config",
      "name": "current",
      "provider": "provider[\"registry.terraform.io/hashicorp/google\"]",
      "instances": [
        {
          "schema_version": 0,
          "attributes": {
            "access_token": "ya29.c.c0AYnqXlg-5frLyufXSSwu3S2pvvZ-I5a7p0MEkY4yDnWsprXrJHkTs-BlmzlxH5QRm1f0rcKGT1URjqk-IoBRytsrYnSKQ3-Ao757ZlxigAN-KK0vF62QUuaLZAJsrS_AiFgbQkW7WOi6p615EGkwOkCHhlZiN0YJeTCsuhCHMCSk_0ZfKXp2w4-rlN_SzpG4q4G5myM-oys4eFJhyeyHoo4XmvNT8P5pFhq4z9CS5dYUSwvUGSfHMcgSsxrMdgaIqL4WXcSCZc2_oj-HZvFmEY6257OUR51CuN1lVFTzFnM5rhCBwzUeisGewrj4GuJV4smJsKhxVsLkmJawKiwi_FAxD4cSrswsnflHZwHk-vlfngXTjNHYwiMipGIT388AJJicM5XRXwc8S-yRml0r6nY3nBo_XjcFX87mQukUy-azbkgS1sg1vmcvi5VWpMwVvXxUkXtZ1zF_8xdi7aJffi6qrYR7VB6dvetpVVrhllYYfxc6i9kgjjOaQV2V2OcMw1U6Qp8_ak4iipRk2OZcfjd7qh7iFayW9tY5QgFr9O-8FyJOMvFQuVnlZ37g40pBl-MkX4anqU3kmoUeuSMsl9SU2X8M4V9dmezugzehaJj3zFinswcIVpdO-yZ5u07Ob1B8Jmks2q9rdfJ1x7zvkutpjFZYfySX2kewzQ4Zw_Mrfvow-Yvg4gFSryX-Jfutm6WB3Uk8-6-vhU5wp9ZnsZ-Wn-yYOI8U6vZc4d65ckqkJO-I72MVxiW7ZQnt28VmkF74a5rOBQ00ZQgi76xvWsZ6FYhtncyci0Y6i5BugYWBWZyO8lI817x5dF43axtqs-jfYtYpRWkeBm_Bz06msQV04dyI4ZmUURfs1uxqeh0Ia2snmI_p2nu44QVmk7tB_rc0-X4vcaw1msqo5bwwbJJ5b3ad_fcyYcqpkeJ95kk1OgvXoQWx6hk8yd6rm5mB6mjk81nvj6SYU5q6goSJk_9sWvIpeY46x5dc1jJgs1tcRyM9Zeuvt1-",
            "id": "projects/\"iron-crane-478902-g6\"/regions/\"us-central1\"/zones/\"us-central1-a\"",
            "project": "iron-crane-478902-g6",
            "region": "us-central1",
            "zone": "us-central1-a"
          },
          "sensitive_attributes": []
        }
      ]
    },
    {
      "mode": "managed",
      "type": "google_compute_address",
      "name": "orders_lb_ip",
      "provider": "provider[\"registry.terraform.io/hashicorp/google\"]",
      "instances": [
        {
          "schema_version": 0,
          "attributes": {
            "address": "34.31.163.168",
            "address_type": "EXTERNAL",
            "creation_timestamp": "2025-12-02T08:08:20.377-08:00",
            "description": "",
            "id": "projects/iron-crane-478902-g6/regions/us-central1/addresses/orders-lb-ip",
            "ip_version": "",
            "ipv6_endpoint_type": "",
            "name": "orders-lb-ip",
            "network": "",
            "network_tier": "PREMIUM",
            "prefix_length": 0,
            "project": "iron-crane-478902-g6",
            "purpose": "",
            "region": "us-central1",
            "self_link": "https://www.googleapis.com/compute/v1/projects/iron-crane-478902-g6/regions/us-central1/addresses/orders-lb-ip",
            "subnetwork": "",
            "timeouts": null,
            "users": [
              "https://www.googleapis.com/compute/v1/projects/iron-crane-478902-g6/regions/us-central1/forwardingRules/ad1e280c13c0f4b4bb2c18c579c60fbd"
            ]
          },
          "sensitive_attributes": [],
          "private": "eyJlMmJmYjczMC1lY2FhLTExZTYtOGY4OC0zNDM2M2JjN2M0YzAiOnsiY3JlYXRlIjoxMjAwMDAwMDAwMDAwLCJkZWxldGUiOjEyMDAwMDAwMDAwMDB9fQ=="
        }
      ]
    },
    {
      "mode": "managed",
      "type": "google_container_cluster",
      "name": "primary",
      "provider": "provider[\"registry.terraform.io/hashicorp/google\"]",
      "instances": [
        {
          "schema_version": 1,
          "attributes": {
            "addons_config": [
              {
                "cloudrun_config": [],
                "config_connector_config": [],
                "dns_cache_config": [],
                "gce_persistent_disk_csi_driver_config": [
                  {
                    "enabled": true
                  }
                ],
                "gcp_filestore_csi_driver_config": [],
                "gcs_fuse_csi_driver_config": [],
                "gke_backup_agent_config": [],
                "horizontal_pod_autoscaling": [],
                "http_load_balancing": [],
                "network_policy_config": [
                  {
                    "disabled": true
                  }
                ]
              }
            ],
            "allow_net_admin": null,
            "authenticator_groups_config": [],
            "binary_authorization": [
              {
                "enabled": false,
                "evaluation_mode": ""
              }
            ],
            "cluster_autoscaling": [
              {
                "auto_provisioning_defaults": [],
                "enabled": false,
                "resource_limits": []
              }
            ],
            "cluster_ipv4_cidr": "10.0.0.0/14",
            "confidential_nodes": [],
            "cost_management_config": [],
            "database_encryption": [
              {
                "key_name": "",
                "state": "DECRYPTED"
              }
            ],
            "datapath_provider": "",
            "default_max_pods_per_node": null,
            "default_snat_status": [
              {
                "disabled": false
              }
            ],
            "description": "",
            "dns_config": [],
            "enable_autopilot": false,
            "enable_binary_authorization": false,
            "enable_intranode_visibility": false,
            "enable_k8s_beta_apis": [],
            "enable_kubernetes_alpha": false,
            "enable_l4_ilb_subsetting": false,
            "enable_legacy_abac": false,
            "enable_shielded_nodes": true,
            "enable_tpu": false,
            "endpoint": "34.46.254.116",
            "gateway_api_config": [],
            "id": "projects/iron-crane-478902-g6/locations/us-central1-a/clusters/orders-cluster",
            "initial_node_count": 2,
            "ip_allocation_policy": [],
            "label_fingerprint": "a9dc16a7",
            "location": "us-central1-a",
            "logging_config": [
              {
                "enable_components": [
                  "SYSTEM_COMPONENTS",
                  "WORKLOADS"
                ]
              }
            ],
            "logging_service": "logging.googleapis.com/kubernetes",
            "maintenance_policy": [],
            "master_auth": [
              {
                "client_certificate": "",
                "client_certificate_config": [
                  {
                    "issue_client_certificate": false
                  }
                ],
                "client_key": "",
                "cluster_ca_certificate": "LS0tLS1CRUdJTiBDRVJUSUZJQ0FURS0tLS0tCk1JSUVLekNDQXBPZ0F3SUJBZ0lQQitnNGZJL0U5Rmp0MENURE1jbWlNQTBHQ1NxR1NJYjNEUUVCQ3dVQU1DOHgKTFRBckJnTlZCQU1USkRrME16WTRaV1poTFRreVptWXROR0ptTVMxaE9EVmxMVFZqWWpCbE1qVXpPRFF6T1RBZwpGdzB5TlRFeU1ESXhOVEE0TWpGYUdBOHlNRFUxTVRFeU5URTJNRGd5TVZvd0x6RXRNQ3NHQTFVRUF4TWtPVFF6Ck5qaGxabUV0T1RKbVppMDBZbVl4TFdFNE5XVXROV05pTUdVeU5UTTRORE01TUlJQm9qQU5CZ2txaGtpRzl3MEIKQVFFRkFBT0NBWThBTUlJQmlnS0NBWUVBdTBqY2YvVmdZTlFYdkFiSWhEUDZDUlJvbHNkNUt6bU9yYmZvcWtJYwpEL1BuejdqQVVCeE5QUUorU3JrT0xjL1BJOVZyREtDVkowcVJKY1RCdEsyVEZqaWRtV05CWGt1WTlhbGllb09MCjZvSUR6YlpNK1BlUnJ4ZnRRRURNRStHT3Z1M09SMTNlWlRoOVBmWG1LU01QZDJNaWl6UGVxelNpc3hmSWVpdlEKYXUzby9VTklycE5mMHkwSzB5SjhFTU9xYzRIQXFFdm9UNGs5VWxVc01hUmdBekN1V0hteUFvcWlOK2ZCQTJTdwo5c1VtVlNZQTIzRDZWalU2ZXdCRDVaUzA1Q29XZ2FEaWZyN3FjYW11NmZoUW16SG0ycTNkSWEveHdLaVRnTTFoCnZ2ckFLcnFPdC91RDBnbGdMaHJhcC8vTmNaQlQxWDJWd1F4blErd3hSL0FyYkxjL2JZNUp2RllVY3hQVEFjVlUKRHJwS1lyeUdtVDM1S1UxTDJDQUplNUFDMklIempiOUQxay9RN3FGSURMeWlsUXFzZURlZjNxdzhoT29pMEpyZApHUkZFbHRzQ3M1THRLQ1ZwYWNEbGpYT3F0K28vaEZPVWhBY2RIeFp2dm9DUWtRSGhkeEQ2b3llNTUzakluUFp2CjVyalMzV1NjeXZLVzRFSkd5QjAyVVhweEFnTUJBQUdqUWpCQU1BNEdBMVVkRHdFQi93UUVBd0lDQkRBUEJnTlYKSFJNQkFmOEVCVEFEQVFIL01CMEdBMVVkRGdRV0JCUlhSbWtidC92R3FmbUZYZFUvWStzaWlmelJnakFOQmdrcQpoa2lHOXcwQkFRc0ZBQU9DQVlFQVlVQi8yNmlrVzlYaFRTa0VLeDdUOExIeVJuZHl3ZmUxSjc2OCs5KzVSRk5YCkIrMEpRL1FDV0hkdm41WXVydWdZQkxPRlRCNWM3VVpMU2duYjNZMEdYZVVQYzcxb1ZTSjl5SUNNeFVCczRXUUYKT2hCc1hhcEFhV2JybXhrc2pTdHhGSm5HMUtvbVFJOExob0dEOE1sWnRaVDRIWlp5b0VpS3dEUXEwWmxBamZRcAp5enVGYlFvZkhxUzdQaVMrWVNkaGZRZmR5cWJiWElyMU9ab2RHZTYrQWZsZGkwRXh1bmJLZWl4QjlMMTBMMHJVCndNRTV0NG5tS2owTGVzWDRHYzNralNORGV5Zkk4VDMvZU9HL1hMQTVRQkZzZzF5NmxkckQ4elh0d3BWcTNXOVYKZVpBci9LRGtJQ1VvWHl2aHdtNjEreWJtYzcxMGN3Lytndnh5aXArYVVMc0hUamVLMTJGbkxDbVNXWWJJanpwSwpnS2VFMDI4aGp6ZllrMm5zN2s4TitheFR1b0lVUFB5ak9EUFJtNTQ4L3c3RGZRSjFqelI4VnBxL0NHdnIxY1dKCkZHZEV2M0w0K24vVTA5OWtPN2tqOThBUWhGVVdMVjdUM25yY0REMFY0WjBVZTlpMmhrTWRwSUtESElvRHdkaVcKZ2xYd3N6dC9MakRHNEtTYUZLQXQKLS0tLS1FTkQgQ0VSVElGSUNBVEUtLS0tLQo="
              }
            ],
            "master_authorized_networks_config": [],
            "master_version": "1.33.5-gke.1201000",
            "mesh_certificates": [],
            "min_master_version": null,
            "monitoring_config": [
              {
                "advanced_datapath_observability_config": [
                  {
                    "enable_metrics": false,
                    "relay_mode": ""
                  }
                ],
                "enable_components": [
                  "SYSTEM_COMPONENTS",
                  "POD",
                  "DAEMONSET",
                  "DEPLOYMENT",
                  "STATEFULSET",
                  "JOBSET",
                  "STORAGE",
                  "HPA",
                  "CADVISOR",
                  "KUBELET",
                  "DCGM"
                ],
                "managed_prometheus": [
                  {
                    "enabled": true
                  }
                ]
              }
            ],
            "monitoring_service": "monitoring.googleapis.com/kubernetes",
            "name": "orders-cluster",
            "network": "projects/iron-crane-478902-g6/global/networks/default",
            "network_policy": [
              {
                "enabled": false,
                "provider": "PROVIDER_UNSPECIFIED"
              }
            ],
            "networking_mode": "ROUTES",
            "node_config": [
              {
                "advanced_machine_features": [],
                "boot_disk_kms_key": "",
                "confidential_nodes": [],
                "disk_size_gb": 50,
                "disk_type": "pd-balanced",
                "ephemeral_storage_local_ssd_config": [],
                "fast_socket": [],
                "gcfs_config": [],
                "guest_accelerator": [],
                "gvnic": [],
                "host_maintenance_policy": [],
                "image_type": "COS_CONTAINERD",
                "kubelet_config": [
                  {
                    "cpu_cfs_quota": false,
                    "cpu_cfs_quota_period": "",
                    "cpu_manager_policy": "",
                    "pod_pids_limit": 0
                  }
                ],
                "labels": {},
                "linux_node_config": [],
                "local_nvme_ssd_block_config": [],
                "local_ssd_count": 0,
                "logging_variant": "DEFAULT",
                "machine_type": "e2-medium",
                "metadata": {
                  "disable-legacy-endpoints": "true"
                },
                "min_cpu_platform": "",
                "node_group": "",
                "oauth_scopes": [
                  "https://www.googleapis.com/auth/cloud-platform"
                ],
                "preemptible": false,
                "reservation_affinity": [],
                "resource_labels": {
                  "goog-gke-node-pool-provisioning-model": "on-demand"
                },
                "service_account": "default",
                "shielded_instance_config": [
                  {
                    "enable_integrity_monitoring": true,
                    "enable_secure_boot": false
                  }
                ],
                "sole_tenant_config": [],
                "spot": false,
                "tags": [],
                "taint": [],
                "workload_metadata_config": []
              }
            ],
            "node_locations": [],
            "node_pool": [
              {
                "autoscaling": [],
                "initial_node_count": 2,
                "instance_group_urls": [
                  "https://www.googleapis.com/compute/v1/projects/iron-crane-478902-g6/zones/us-central1-a/instanceGroupManagers/gke-orders-cluster-default-pool-cfcbee1a-grp"
                ],
                "managed_instance_group_urls": [
                  "https://www.googleapis.com/compute/v1/projects/iron-crane-478902-g6/zones/us-central1-a/instanceGroups/gke-orders-cluster-default-pool-cfcbee1a-grp"
                ],
                "management": [
                  {
                    "auto_repair": true,
                    "auto_upgrade": true
                  }
                ],
                "max_pods_per_node": 0,
                "name": "default-pool",
                "name_prefix": "",
                "network_config": [],
                "node_config": [
                  {
                    "advanced_machine_features": [],
                    "boot_disk_kms_key": "",
                    "confidential_nodes": [],
                    "disk_size_gb": 50,
                    "disk_type": "pd-balanced",
                    "ephemeral_storage_local_ssd_config": [],
                    "fast_socket": [],
                    "gcfs_config": [],
                    "guest_accelerator": [],
                    "gvnic": [],
                    "host_maintenance_policy": [],
                    "image_type": "COS_CONTAINERD",
                    "kubelet_config": [
                      {
                        "cpu_cfs_quota": false,
                        "cpu_cfs_quota_period": "",
                        "cpu_manager_policy": "",
                        "pod_pids_limit": 0
                      }
                    ],
                    "labels": {},
                    "linux_node_config": [],
                    "local_nvme_ssd_block_config": [],
                    "local_ssd_count": 0,
                    "logging_variant": "DEFAULT",
                    "machine_type": "e2-medium",
                    "metadata": {
                      "disable-legacy-endpoints": "true"
                    },
                    "min_cpu_platform": "",
                    "node_group": "",
                    "oauth_scopes": [
                      "https://www.googleapis.com/auth/cloud-platform"
                    ],
                    "preemptible": false,
                    "reservation_affinity": [],
                    "resource_labels": {
                      "goog-gke-node-pool-provisioning-model": "on-demand"
                    },
                    "service_account": "default",
                    "shielded_instance_config": [
                      {
                        "enable_integrity_monitoring": true,
                        "enable_secure_boot": false
                      }
                    ],
                    "sole_tenant_config": [],
                    "spot": false,
                    "tags": [],
                    "taint": [],
                    "workload_metadata_config": []
                  }
                ],
                "node_count": 2,
                "node_locations": [
                  "us-central1-a"
                ],
                "placement_policy": [],
                "upgrade_settings": [
                  {
                    "blue_green_settings": [],
                    "max_surge": 1,
                    "max_unavailable": 0,
                    "strategy": "SURGE"
                  }
                ],
                "version": "1.33.5-gke.1201000"
              }
            ],
            "node_pool_auto_config": [
              {
                "network_tags": []
              }
            ],
            "node_pool_defaults": [
              {
                "node_config_defaults": [
                  {
                    "logging_variant": "DEFAULT"
                  }
                ]
              }
            ],
            "node_version": "1.33.5-gke.1201000",
            "notification_config": [
              {
                "pubsub": [
                  {
                    "enabled": false,
                    "filter": [],
                    "topic": ""
                  }
                ]
              }
            ],
            "operation": null,
            "private_cluster_config": [
              {
                "enable_private_endpoint": false,
                "enable_private_nodes": false,
                "master_global_access_config": [
                  {
                    "enabled": false
                  }
                ],
                "master_ipv4_cidr_block": "",
                "peering_name": "",
                "private_endpoint": "10.128.0.5",
                "private_endpoint_subnetwork": "",
                "public_endpoint": "34.46.254.116"
              }
            ],
            "private_ipv6_google_access": "",
            "project": "iron-crane-478902-g6",
            "release_channel": [
              {
                "channel": "REGULAR"
              }
            ],
            "remove_default_node_pool": false,
            "resource_labels": {},
            "resource_usage_export_config": [],
            "security_posture_config": [
              {
                "mode": "BASIC",
                "vulnerability_mode": "VULNERABILITY_MODE_UNSPECIFIED"
              }
            ],
            "self_link": "https://container.googleapis.com/v1/projects/iron-crane-478902-g6/zones/us-central1-a/clusters/orders-cluster",
            "service_external_ips_config": [
              {
                "enabled": false
              }
            ],
            "services_ipv4_cidr": "10.3.240.0/20",
            "subnetwork": "projects/iron-crane-478902-g6/regions/us-central1/subnetworks/default",
            "timeouts": null,
            "tpu_ipv4_cidr_block": "",
            "vertical_pod_autoscaling": [],
            "workload_identity_config": []
          },
          "sensitive_attributes": [],
          "private": "eyJlMmJmYjczMC1lY2FhLTExZTYtOGY4OC0zNDM2M2JjN2M0YzAiOnsiY3JlYXRlIjoyNDAwMDAwMDAwMDAwLCJkZWxldGUiOjI0MDAwMDAwMDAwMDAsInJlYWQiOjI0MDAwMDAwMDAwMDAsInVwZGF0ZSI6MzYwMDAwMDAwMDAwMH0sInNjaGVtYV92ZXJzaW9uIjoiMSJ9"
        }
      ]
    },
    {
      "mode": "managed",
      "type": "kubernetes_deployment",
      "name": "orders",
      "provider": "provider[\"registry.terraform.io/hashicorp/kubernetes\"]",
      "instances": [
        {
          "schema_version": 1,
          "attributes": {
            "id": "orders/orderservice-deployment",
            "metadata": [
              {
                "annotations": {},
                "generate_name": "",
                "generation": 4,
                "labels": {
                  "app": "orderservice"
                },
                "name": "orderservice-deployment",
                "namespace": "orders",
                "resource_version": "1764727050593791010",
                "uid": "d927c212-9c92-42da-b37f-a899ecc89df4"
              }
            ],
            "spec": [
              {
                "min_ready_seconds": 0,
                "paused": false,
                "progress_deadline_seconds": 600,
                "replicas": "3",
                "revision_history_limit": 10,
                "selector": [
                  {
                    "match_expressions": [],
                    "match_labels": {
                      "app": "orderservice"
                    }
                  }
                ],
                "strategy": [
                  {
                    "rolling_update": [
                      {
                        "max_surge": "25%",
                        "max_unavailable": "25%"
                      }
                    ],
                    "type": "RollingUpdate"
                  }
                ],
                "template": [
                  {
                    "metadata": [
                      {
                        "annotations": {},
                        "generate_name": "",
                        "generation": 0,
                        "labels": {
                          "app": "orderservice"
                        },
                        "name": "",
                        "namespace": "",
                        "resource_version": "",
                        "uid": ""
                      }
                    ],
                    "spec": [
                      {
                        "active_deadline_seconds": 0,
                        "affinity": [],
                        "automount_service_account_token": true,
                        "container": [
                          {
                            "args": [],
                            "command": [],
                            "env": [
                              {
                                "name": "DEMO_MODE",
                                "value": "true",
                                "value_from": []
                              },
                              {
                                "name": "NODE_ENV",
                                "value": "production",
                                "value_from": []
                              },
                              {
                                "name": "PORT",
                                "value": "3000",
                                "value_from": []
                              },
                              {
                                "name": "ENCARGO_API_BASE",
                                "value": "https://dummy.encargo.api",
                                "value_from": []
                              }
                            ],
                            "env_from": [],
                            "image": "jensanchez/orderservice:v7",
                            "image_pull_policy": "IfNotPresent",
                            "lifecycle": [],
                            "liveness_probe": [
                              {
                                "exec": [],
                                "failure_threshold": 3,
                                "grpc": [],
                                "http_get": [
                                  {
                                    "host": "",
                                    "http_header": [],
                                    "path": "/health",
                                    "port": "3000",
                                    "scheme": "HTTP"
                                  }
                                ],
                                "initial_delay_seconds": 15,
                                "period_seconds": 20,
                                "success_threshold": 1,
                                "tcp_socket": [],
                                "timeout_seconds": 1
                              }
                            ],
                            "name": "orderservice",
                            "port": [
                              {
                                "container_port": 3000,
                                "host_ip": "",
                                "host_port": 0,
                                "name": "",
                                "protocol": "TCP"
                              }
                            ],
                            "readiness_probe": [
                              {
                                "exec": [],
                                "failure_threshold": 3,
                                "grpc": [],
                                "http_get": [
                                  {
                                    "host": "",
                                    "http_header": [],
                                    "path": "/health",
                                    "port": "3000",
                                    "scheme": "HTTP"
                                  }
                                ],
                                "initial_delay_seconds": 5,
                                "period_seconds": 10,
                                "success_threshold": 1,
                                "tcp_socket": [],
                                "timeout_seconds": 1
                              }
                            ],
                            "resources": [
                              {
                                "limits": {
                                  "cpu": "500m",
                                  "memory": "512Mi"
                                },
                                "requests": {
                                  "cpu": "100m",
                                  "memory": "128Mi"
                                }
                              }
                            ],
                            "security_context": [],
                            "startup_probe": [],
                            "stdin": false,
                            "stdin_once": false,
                            "termination_message_path": "/dev/termination-log",
                            "termination_message_policy": "File",
                            "tty": false,
                            "volume_device": [],
                            "volume_mount": [],
                            "working_dir": ""
                          }
                        ],
                        "dns_config": [],
                        "dns_policy": "ClusterFirst",
                        "enable_service_links": true,
                        "host_aliases": [],
                        "host_ipc": false,
                        "host_network": false,
                        "host_pid": false,
                        "hostname": "",
                        "image_pull_secrets": [],
                        "init_container": [],
                        "node_name": "",
                        "node_selector": {},
                        "os": [],
                        "priority_class_name": "",
                        "readiness_gate": [],
                        "restart_policy": "Always",
                        "runtime_class_name": "",
                        "scheduler_name": "default-scheduler",
                        "security_context": [],
                        "service_account_name": "",
                        "share_process_namespace": false,
                        "subdomain": "",
                        "termination_grace_period_seconds": 30,
                        "toleration": [],
                        "topology_spread_constraint": [],
                        "volume": []
                      }
                    ]
                  }
                ]
              }
            ],
            "timeouts": null,
            "wait_for_rollout": true
          },
          "sensitive_attributes": [],
          "private": "eyJlMmJmYjczMC1lY2FhLTExZTYtOGY4OC0zNDM2M2JjN2M0YzAiOnsiY3JlYXRlIjo2MDAwMDAwMDAwMDAsImRlbGV0ZSI6NjAwMDAwMDAwMDAwLCJ1cGRhdGUiOjYwMDAwMDAwMDAwMH0sInNjaGVtYV92ZXJzaW9uIjoiMSJ9",
          "dependencies": [
            "data.google_client_config.current",
            "google_container_cluster.primary",
            "kubernetes_namespace.app"
          ]
        }
      ]
    },
    {
      "mode": "managed",
      "type": "kubernetes_namespace",
      "name": "app",
      "provider": "provider[\"registry.terraform.io/hashicorp/kubernetes\"]",
      "instances": [
        {
          "schema_version": 0,
          "attributes": {
            "id": "orders",
            "metadata": [
              {
                "annotations": {},
                "generate_name": "",
                "generation": 0,
                "labels": {},
                "name": "orders",
                "resource_version": "1764692032192463000",
                "uid": "664e4c6f-cf91-44af-af35-08886208919f"
              }
            ],
            "timeouts": null,
            "wait_for_default_service_account": false
          },
          "sensitive_attributes": [],
          "private": "eyJlMmJmYjczMC1lY2FhLTExZTYtOGY4OC0zNDM2M2JjN2M0YzAiOnsiZGVsZXRlIjozMDAwMDAwMDAwMDB9fQ==",
          "dependencies": [
            "data.google_client_config.current",
            "google_container_cluster.primary"
          ]
        }
      ]
    },
    {
      "mode": "managed",
      "type": "kubernetes_service",
      "name": "orders_lb",
      "provider": "provider[\"registry.terraform.io/hashicorp/kubernetes\"]",
      "instances": [
        {
          "schema_version": 1,
          "attributes": {
            "id": "orders/orderservice-lb",
            "metadata": [
              {
                "annotations": {},
                "generate_name": "",
                "generation": 0,
                "labels": {},
                "name": "orderservice-lb",
                "namespace": "orders",
                "resource_version": "1764692064616431008",
                "uid": "d1e280c1-3c0f-4b4b-b2c1-8c579c60fbdf"
              }
            ],
            "spec": [
              {
                "allocate_load_balancer_node_ports": true,
                "cluster_ip": "10.3.241.26",
                "cluster_ips": [
                  "10.3.241.26"
                ],
                "external_ips": [],
                "external_name": "",
                "external_traffic_policy": "Cluster",
                "health_check_node_port": 0,
                "internal_traffic_policy": "Cluster",
                "ip_families": [
                  "IPv4"
                ],
                "ip_family_policy": "SingleStack",
                "load_balancer_class": "",
                "load_balancer_ip": "34.31.163.168",
                "load_balancer_source_ranges": [],
                "port": [
                  {
                    "app_protocol": "",
                    "name": "",
                    "node_port": 31248,
                    "port": 80,
                    "protocol": "TCP",
                    "target_port": "3000"
                  }
                ],
                "publish_not_ready_addresses": false,
                "selector": {
                  "app": "orderservice"
                },
                "session_affinity": "None",
                "session_affinity_config": [],
                "type": "LoadBalancer"
              }
            ],
            "status": [
              {
                "load_balancer": [
                  {
                    "ingress": [
                      {
                        "hostname": "",
                        "ip": "34.31.163.168"
                      }
                    ]
                  }
                ]
              }
            ],
            "timeouts": null,
            "wait_for_load_balancer": true
          },
          "sensitive_attributes": [],
          "private": "eyJlMmJmYjczMC1lY2FhLTExZTYtOGY4OC0zNDM2M2JjN2M0YzAiOnsiY3JlYXRlIjo2MDAwMDAwMDAwMDB9LCJzY2hlbWFfdmVyc2lvbiI6IjEifQ==",
          "dependencies": [
            "data.google_client_config.current",
            "google_compute_address.orders_lb_ip",
            "google_container_cluster.primary",
            "kubernetes_namespace.app"
          ]
        }
      ]
    }
  ],
  "check_results": null
}
